
Microsoft Visual Studio Solution File, Format Version 12.00
# Visual Studio Version 17
VisualStudioVersion = 17.5.33424.131
MinimumVisualStudioVersion = 10.0.40219.1
Project("{FAE04EC0-301F-11D3-BF4B-00C04F79EFBC}") = "TallerTres", "TallerTres.csproj", "{18718112-EBA0-4C92-B869-DDB65A8A37D7}"
EndProject
Global
	GlobalSection(SolutionConfigurationPlatforms) = preSolution
		Debug|Any CPU = Debug|Any CPU
		Release|Any CPU = Release|Any CPU
	EndGlobalSection
	GlobalSection(ProjectConfigurationPlatforms) = postSolution
		{18718112-EBA0-4C92-B869-DDB65A8A37D7}.Debug|Any CPU.ActiveCfg = Debug|Any CPU
		{18718112-EBA0-4C92-B869-DDB65A8A37D7}.Debug|Any CPU.Build.0 = Debug|Any CPU
		{18718112-EBA0-4C92-B869-DDB65A8A37D7}.Release|Any CPU.ActiveCfg = Release|Any CPU
		{18718112-EBA0-4C92-B869-DDB65A8A37D7}.Release|Any CPU.Build.0 = Release|Any CPU
	EndGlobalSection
	GlobalSection(SolutionProperties) = preSolution
		HideSolutionNode = FALSE
	EndGlobalSection
	GlobalSection(ExtensibilityGlobals) = postSolution
		SolutionGuid = {DADF16A2-FB87-46E9-BC0F-61D044D53587}
	EndGlobalSection
EndGlobal
